// !$*UTF8*$!
{
	archiveVersion = 1;
	classes = {
	};
	objectVersion = 46;
	objects = {

/* Begin PBXBuildFile section */
		3F016A431C606791003BAD50 /* AppDelegate.swift in Sources */ = {isa = PBXBuildFile; fileRef = 3F016A421C606791003BAD50 /* AppDelegate.swift */; };
		3F016A451C606791003BAD50 /* ViewController.swift in Sources */ = {isa = PBXBuildFile; fileRef = 3F016A441C606791003BAD50 /* ViewController.swift */; };
		3F016A481C606791003BAD50 /* Main.storyboard in Resources */ = {isa = PBXBuildFile; fileRef = 3F016A461C606791003BAD50 /* Main.storyboard */; };
		3F016A4A1C606791003BAD50 /* Assets.xcassets in Resources */ = {isa = PBXBuildFile; fileRef = 3F016A491C606791003BAD50 /* Assets.xcassets */; };
		3F016A4D1C606791003BAD50 /* LaunchScreen.storyboard in Resources */ = {isa = PBXBuildFile; fileRef = 3F016A4B1C606791003BAD50 /* LaunchScreen.storyboard */; };
		3F016A581C606791003BAD50 /* MemeMe_1_0Tests.swift in Sources */ = {isa = PBXBuildFile; fileRef = 3F016A571C606791003BAD50 /* MemeMe_1_0Tests.swift */; };
		3F016A631C606791003BAD50 /* MemeMe_1_0UITests.swift in Sources */ = {isa = PBXBuildFile; fileRef = 3F016A621C606791003BAD50 /* MemeMe_1_0UITests.swift */; };
/* End PBXBuildFile section */

/* Begin PBXContainerItemProxy section */
		3F016A541C606791003BAD50 /* PBXContainerItemProxy */ = {
			isa = PBXContainerItemProxy;
			containerPortal = 3F016A371C606791003BAD50 /* Project object */;
			proxyType = 1;
			remoteGlobalIDString = 3F016A3E1C606791003BAD50;
			remoteInfo = "MemeMe 1.0";
		};
		3F016A5F1C606791003BAD50 /* PBXContainerItemProxy */ = {
			isa = PBXContainerItemProxy;
			containerPortal = 3F016A371C606791003BAD50 /* Project object */;
			proxyType = 1;
			remoteGlobalIDString = 3F016A3E1C606791003BAD50;
			remoteInfo = "MemeMe 1.0";
		};
/* End PBXContainerItemProxy section */

/* Begin PBXFileReference section */
		3F016A3F1C606791003BAD50 /* MemeMe 1.0.app */ = {isa = PBXFileReference; explicitFileType = wrapper.application; includeInIndex = 0; path = "MemeMe 1.0.app"; sourceTree = BUILT_PRODUCTS_DIR; };
		3F016A421C606791003BAD50 /* AppDelegate.swift */ = {isa = PBXFileReference; lastKnownFileType = sourcecode.swift; path = AppDelegate.swift; sourceTree = "<group>"; };
		3F016A441C606791003BAD50 /* ViewController.swift */ = {isa = PBXFileReference; lastKnownFileType = sourcecode.swift; path = ViewController.swift; sourceTree = "<group>"; };
		3F016A471C606791003BAD50 /* Base */ = {isa = PBXFileReference; lastKnownFileType = file.storyboard; name = Base; path = Base.lproj/Main.storyboard; sourceTree = "<group>"; };
		3F016A491C606791003BAD50 /* Assets.xcassets */ = {isa = PBXFileReference; lastKnownFileType = folder.assetcatalog; path = Assets.xcassets; sourceTree = "<group>"; };
		3F016A4C1C606791003BAD50 /* Base */ = {isa = PBXFileReference; lastKnownFileType = file.storyboard; name = Base; path = Base.lproj/LaunchScreen.storyboard; sourceTree = "<group>"; };
		3F016A4E1C606791003BAD50 /* Info.plist */ = {isa = PBXFileReference; lastKnownFileType = text.plist.xml; path = Info.plist; sourceTree = "<group>"; };
		3F016A531C606791003BAD50 /* MemeMe 1.0Tests.xctest */ = {isa = PBXFileReference; explicitFileType = wrapper.cfbundle; includeInIndex = 0; path = "MemeMe 1.0Tests.xctest"; sourceTree = BUILT_PRODUCTS_DIR; };
		3F016A571C606791003BAD50 /* MemeMe_1_0Tests.swift */ = {isa = PBXFileReference; lastKnownFileType = sourcecode.swift; path = MemeMe_1_0Tests.swift; sourceTree = "<group>"; };
		3F016A591C606791003BAD50 /* Info.plist */ = {isa = PBXFileReference; lastKnownFileType = text.plist.xml; path = Info.plist; sourceTree = "<group>"; };
		3F016A5E1C606791003BAD50 /* MemeMe 1.0UITests.xctest */ = {isa = PBXFileReference; explicitFileType = wrapper.cfbundle; includeInIndex = 0; path = "MemeMe 1.0UITests.xctest"; sourceTree = BUILT_PRODUCTS_DIR; };
		3F016A621C606791003BAD50 /* MemeMe_1_0UITests.swift */ = {isa = PBXFileReference; lastKnownFileType = sourcecode.swift; path = MemeMe_1_0UITests.swift; sourceTree = "<group>"; };
		3F016A641C606791003BAD50 /* Info.plist */ = {isa = PBXFileReference; lastKnownFileType = text.plist.xml; path = Info.plist; sourceTree = "<group>"; };
/* End PBXFileReference section */

/* Begin PBXFrameworksBuildPhase section */
		3F016A3C1C606791003BAD50 /* Frameworks */ = {
			isa = PBXFrameworksBuildPhase;
			buildActionMask = 2147483647;
			files = (
			);
			runOnlyForDeploymentPostprocessing = 0;
		};
		3F016A501C606791003BAD50 /* Frameworks */ = {
			isa = PBXFrameworksBuildPhase;
			buildActionMask = 2147483647;
			files = (
			);
			runOnlyForDeploymentPostprocessing = 0;
		};
		3F016A5B1C606791003BAD50 /* Frameworks */ = {
			isa = PBXFrameworksBuildPhase;
			buildActionMask = 2147483647;
			files = (
			);
			runOnlyForDeploymentPostprocessing = 0;
		};
/* End PBXFrameworksBuildPhase section */

/* Begin PBXGroup section */
		3F016A361C606791003BAD50 = {
			isa = PBXGroup;
			children = (
				3F016A411C606791003BAD50 /* MemeMe 1.0 */,
				3F016A561C606791003BAD50 /* MemeMe 1.0Tests */,
				3F016A611C606791003BAD50 /* MemeMe 1.0UITests */,
				3F016A401C606791003BAD50 /* Products */,
			);
			sourceTree = "<group>";
		};
		3F016A401C606791003BAD50 /* Products */ = {
			isa = PBXGroup;
			children = (
				3F016A3F1C606791003BAD50 /* MemeMe 1.0.app */,
				3F016A531C606791003BAD50 /* MemeMe 1.0Tests.xctest */,
				3F016A5E1C606791003BAD50 /* MemeMe 1.0UITests.xctest */,
			);
			name = Products;
			sourceTree = "<group>";
		};
		3F016A411C606791003BAD50 /* MemeMe 1.0 */ = {
			isa = PBXGroup;
			children = (
				3F016A421C606791003BAD50 /* AppDelegate.swift */,
				3F016A441C606791003BAD50 /* ViewController.swift */,
				3F016A461C606791003BAD50 /* Main.storyboard */,
				3F016A491C606791003BAD50 /* Assets.xcassets */,
				3F016A4B1C606791003BAD50 /* LaunchScreen.storyboard */,
				3F016A4E1C606791003BAD50 /* Info.plist */,
			);
			path = "MemeMe 1.0";
			sourceTree = "<group>";
		};
		3F016A561C606791003BAD50 /* MemeMe 1.0Tests */ = {
			isa = PBXGroup;
			children = (
				3F016A571C606791003BAD50 /* MemeMe_1_0Tests.swift */,
				3F016A591C606791003BAD50 /* Info.plist */,
			);
			path = "MemeMe 1.0Tests";
			sourceTree = "<group>";
		};
		3F016A611C606791003BAD50 /* MemeMe 1.0UITests */ = {
			isa = PBXGroup;
			children = (
				3F016A621C606791003BAD50 /* MemeMe_1_0UITests.swift */,
				3F016A641C606791003BAD50 /* Info.plist */,
			);
			path = "MemeMe 1.0UITests";
			sourceTree = "<group>";
		};
/* End PBXGroup section */

/* Begin PBXNativeTarget section */
		3F016A3E1C606791003BAD50 /* MemeMe 1.0 */ = {
			isa = PBXNativeTarget;
			buildConfigurationList = 3F016A671C606791003BAD50 /* Build configuration list for PBXNativeTarget "MemeMe 1.0" */;
			buildPhases = (
				3F016A3B1C606791003BAD50 /* Sources */,
				3F016A3C1C606791003BAD50 /* Frameworks */,
				3F016A3D1C606791003BAD50 /* Resources */,
			);
			buildRules = (
			);
			dependencies = (
			);
			name = "MemeMe 1.0";
			productName = "MemeMe 1.0";
			productReference = 3F016A3F1C606791003BAD50 /* MemeMe 1.0.app */;
			productType = "com.apple.product-type.application";
		};
		3F016A521C606791003BAD50 /* MemeMe 1.0Tests */ = {
			isa = PBXNativeTarget;
			buildConfigurationList = 3F016A6A1C606791003BAD50 /* Build configuration list for PBXNativeTarget "MemeMe 1.0Tests" */;
			buildPhases = (
				3F016A4F1C606791003BAD50 /* Sources */,
				3F016A501C606791003BAD50 /* Frameworks */,
				3F016A511C606791003BAD50 /* Resources */,
			);
			buildRules = (
			);
			dependencies = (
				3F016A551C606791003BAD50 /* PBXTargetDependency */,
			);
			name = "MemeMe 1.0Tests";
			productName = "MemeMe 1.0Tests";
			productReference = 3F016A531C606791003BAD50 /* MemeMe 1.0Tests.xctest */;
			productType = "com.apple.product-type.bundle.unit-test";
		};
		3F016A5D1C606791003BAD50 /* MemeMe 1.0UITests */ = {
			isa = PBXNativeTarget;
			buildConfigurationList = 3F016A6D1C606791003BAD50 /* Build configuration list for PBXNativeTarget "MemeMe 1.0UITests" */;
			buildPhases = (
				3F016A5A1C606791003BAD50 /* Sources */,
				3F016A5B1C606791003BAD50 /* Frameworks */,
				3F016A5C1C606791003BAD50 /* Resources */,
			);
			buildRules = (
			);
			dependencies = (
				3F016A601C606791003BAD50 /* PBXTargetDependency */,
			);
			name = "MemeMe 1.0UITests";
			productName = "MemeMe 1.0UITests";
			productReference = 3F016A5E1C606791003BAD50 /* MemeMe 1.0UITests.xctest */;
			productType = "com.apple.product-type.bundle.ui-testing";
		};
/* End PBXNativeTarget section */

/* Begin PBXProject section */
		3F016A371C606791003BAD50 /* Project object */ = {
			isa = PBXProject;
			attributes = {
				LastSwiftUpdateCheck = 0720;
				LastUpgradeCheck = 0720;
				ORGANIZATIONNAME = RodCo;
				TargetAttributes = {
					3F016A3E1C606791003BAD50 = {
						CreatedOnToolsVersion = 7.2;
					};
					3F016A521C606791003BAD50 = {
						CreatedOnToolsVersion = 7.2;
						TestTargetID = 3F016A3E1C606791003BAD50;
					};
					3F016A5D1C606791003BAD50 = {
						CreatedOnToolsVersion = 7.2;
						TestTargetID = 3F016A3E1C606791003BAD50;
					};
				};
			};
			buildConfigurationList = 3F016A3A1C606791003BAD50 /* Build configuration list for PBXProject "MemeMe 1.0" */;
			compatibilityVersion = "Xcode 3.2";
			developmentRegion = English;
			hasScannedForEncodings = 0;
			knownRegions = (
				en,
				Base,
			);
			mainGroup = 3F016A361C606791003BAD50;
			productRefGroup = 3F016A401C606791003BAD50 /* Products */;
			projectDirPath = "";
			projectRoot = "";
			targets = (
				3F016A3E1C606791003BAD50 /* MemeMe 1.0 */,
				3F016A521C606791003BAD50 /* MemeMe 1.0Tests */,
				3F016A5D1C606791003BAD50 /* MemeMe 1.0UITests */,
			);
		};
/* End PBXProject section */

/* Begin PBXResourcesBuildPhase section */
		3F016A3D1C606791003BAD50 /* Resources */ = {
			isa = PBXResourcesBuildPhase;
			buildActionMask = 2147483647;
			files = (
				3F016A4D1C606791003BAD50 /* LaunchScreen.storyboard in Resources */,
				3F016A4A1C606791003BAD50 /* Assets.xcassets in Resources */,
				3F016A481C606791003BAD50 /* Main.storyboard in Resources */,
			);
			runOnlyForDeploymentPostprocessing = 0;
		};
		3F016A511C606791003BAD50 /* Resources */ = {
			isa = PBXResourcesBuildPhase;
			buildActionMask = 2147483647;
			files = (
			);
			runOnlyForDeploymentPostprocessing = 0;
		};
		3F016A5C1C606791003BAD50 /* Resources */ = {
			isa = PBXResourcesBuildPhase;
			buildActionMask = 2147483647;
			files = (
			);
			runOnlyForDeploymentPostprocessing = 0;
		};
/* End PBXResourcesBuildPhase section */

/* Begin PBXSourcesBuildPhase section */
		3F016A3B1C606791003BAD50 /* Sources */ = {
			isa = PBXSourcesBuildPhase;
			buildActionMask = 2147483647;
			files = (
				3F016A451C606791003BAD50 /* ViewController.swift in Sources */,
				3F016A431C606791003BAD50 /* AppDelegate.swift in Sources */,
			);
			runOnlyForDeploymentPostprocessing = 0;
		};
		3F016A4F1C606791003BAD50 /* Sources */ = {
			isa = PBXSourcesBuildPhase;
			buildActionMask = 2147483647;
			files = (
				3F016A581C606791003BAD50 /* MemeMe_1_0Tests.swift in Sources */,
			);
			runOnlyForDeploymentPostprocessing = 0;
		};
		3F016A5A1C606791003BAD50 /* Sources */ = {
			isa = PBXSourcesBuildPhase;
			buildActionMask = 2147483647;
			files = (
				3F016A631C606791003BAD50 /* MemeMe_1_0UITests.swift in Sources */,
			);
			runOnlyForDeploymentPostprocessing = 0;
		};
/* End PBXSourcesBuildPhase section */

/* Begin PBXTargetDependency section */
		3F016A551C606791003BAD50 /* PBXTargetDependency */ = {
			isa = PBXTargetDependency;
			target = 3F016A3E1C606791003BAD50 /* MemeMe 1.0 */;
			targetProxy = 3F016A541C606791003BAD50 /* PBXContainerItemProxy */;
		};
		3F016A601C606791003BAD50 /* PBXTargetDependency */ = {
			isa = PBXTargetDependency;
			target = 3F016A3E1C606791003BAD50 /* MemeMe 1.0 */;
			targetProxy = 3F016A5F1C606791003BAD50 /* PBXContainerItemProxy */;
		};
/* End PBXTargetDependency section */

/* Begin PBXVariantGroup section */
		3F016A461C606791003BAD50 /* Main.storyboard */ = {
			isa = PBXVariantGroup;
			children = (
				3F016A471C606791003BAD50 /* Base */,
			);
			name = Main.storyboard;
			sourceTree = "<group>";
		};
		3F016A4B1C606791003BAD50 /* LaunchScreen.storyboard */ = {
			isa = PBXVariantGroup;
			children = (
				3F016A4C1C606791003BAD50 /* Base */,
			);
			name = LaunchScreen.storyboard;
			sourceTree = "<group>";
		};
/* End PBXVariantGroup section */

/* Begin XCBuildConfiguration section */
		3F016A651C606791003BAD50 /* Debug */ = {
			isa = XCBuildConfiguration;
			buildSettings = {
				ALWAYS_SEARCH_USER_PATHS = NO;
				CLANG_CXX_LANGUAGE_STANDARD = "gnu++0x";
				CLANG_CXX_LIBRARY = "libc++";
				CLANG_ENABLE_MODULES = YES;
				CLANG_ENABLE_OBJC_ARC = YES;
				CLANG_WARN_BOOL_CONVERSION = YES;
				CLANG_WARN_CONSTANT_CONVERSION = YES;
				CLANG_WARN_DIRECT_OBJC_ISA_USAGE = YES_ERROR;
				CLANG_WARN_EMPTY_BODY = YES;
				CLANG_WARN_ENUM_CONVERSION = YES;
				CLANG_WARN_INT_CONVERSION = YES;
				CLANG_WARN_OBJC_ROOT_CLASS = YES_ERROR;
				CLANG_WARN_UNREACHABLE_CODE = YES;
				CLANG_WARN__DUPLICATE_METHOD_MATCH = YES;
				"CODE_SIGN_IDENTITY[sdk=iphoneos*]" = "iPhone Developer";
				COPY_PHASE_STRIP = NO;
				DEBUG_INFORMATION_FORMAT = dwarf;
				ENABLE_STRICT_OBJC_MSGSEND = YES;
				ENABLE_TESTABILITY = YES;
				GCC_C_LANGUAGE_STANDARD = gnu99;
				GCC_DYNAMIC_NO_PIC = NO;
				GCC_NO_COMMON_BLOCKS = YES;
				GCC_OPTIMIZATION_LEVEL = 0;
				GCC_PREPROCESSOR_DEFINITIONS = (
					"DEBUG=1",
					"$(inherited)",
				);
				GCC_WARN_64_TO_32_BIT_CONVERSION = YES;
				GCC_WARN_ABOUT_RETURN_TYPE = YES_ERROR;
				GCC_WARN_UNDECLARED_SELECTOR = YES;
				GCC_WARN_UNINITIALIZED_AUTOS = YES_AGGRESSIVE;
				GCC_WARN_UNUSED_FUNCTION = YES;
				GCC_WARN_UNUSED_VARIABLE = YES;
				IPHONEOS_DEPLOYMENT_TARGET = 9.2;
				MTL_ENABLE_DEBUG_INFO = YES;
				ONLY_ACTIVE_ARCH = YES;
				SDKROOT = iphoneos;
				SWIFT_OPTIMIZATION_LEVEL = "-Onone";
			};
			name = Debug;
		};
		3F016A661C606791003BAD50 /* Release */ = {
			isa = XCBuildConfiguration;
			buildSettings = {
				ALWAYS_SEARCH_USER_PATHS = NO;
				CLANG_CXX_LANGUAGE_STANDARD = "gnu++0x";
				CLANG_CXX_LIBRARY = "libc++";
				CLANG_ENABLE_MODULES = YES;
				CLANG_ENABLE_OBJC_ARC = YES;
				CLANG_WARN_BOOL_CONVERSION = YES;
				CLANG_WARN_CONSTANT_CONVERSION = YES;
				CLANG_WARN_DIRECT_OBJC_ISA_USAGE = YES_ERROR;
				CLANG_WARN_EMPTY_BODY = YES;
				CLANG_WARN_ENUM_CONVERSION = YES;
				CLANG_WARN_INT_CONVERSION = YES;
				CLANG_WARN_OBJC_ROOT_CLASS = YES_ERROR;
				CLANG_WARN_UNREACHABLE_CODE = YES;
				CLANG_WARN__DUPLICATE_METHOD_MATCH = YES;
				"CODE_SIGN_IDENTITY[sdk=iphoneos*]" = "iPhone Developer";
				COPY_PHASE_STRIP = NO;
				DEBUG_INFORMATION_FORMAT = "dwarf-with-dsym";
				ENABLE_NS_ASSERTIONS = NO;
				ENABLE_STRICT_OBJC_MSGSEND = YES;
				GCC_C_LANGUAGE_STANDARD = gnu99;
				GCC_NO_COMMON_BLOCKS = YES;
				GCC_WARN_64_TO_32_BIT_CONVERSION = YES;
				GCC_WARN_ABOUT_RETURN_TYPE = YES_ERROR;
				GCC_WARN_UNDECLARED_SELECTOR = YES;
				GCC_WARN_UNINITIALIZED_AUTOS = YES_AGGRESSIVE;
				GCC_WARN_UNUSED_FUNCTION = YES;
				GCC_WARN_UNUSED_VARIABLE = YES;
				IPHONEOS_DEPLOYMENT_TARGET = 9.2;
				MTL_ENABLE_DEBUG_INFO = NO;
				SDKROOT = iphoneos;
				VALIDATE_PRODUCT = YES;
			};
			name = Release;
		};
		3F016A681C606791003BAD50 /* Debug */ = {
			isa = XCBuildConfiguration;
			buildSettings = {
				ASSETCATALOG_COMPILER_APPICON_NAME = AppIcon;
				INFOPLIST_FILE = "MemeMe 1.0/Info.plist";
				LD_RUNPATH_SEARCH_PATHS = "$(inherited) @executable_path/Frameworks";
				PRODUCT_BUNDLE_IDENTIFIER = "com.rodco.MemeMe-1-0";
				PRODUCT_NAME = "$(TARGET_NAME)";
			};
			name = Debug;
		};
		3F016A691C606791003BAD50 /* Release */ = {
			isa = XCBuildConfiguration;
			buildSettings = {
				ASSETCATALOG_COMPILER_APPICON_NAME = AppIcon;
				INFOPLIST_FILE = "MemeMe 1.0/Info.plist";
				LD_RUNPATH_SEARCH_PATHS = "$(inherited) @executable_path/Frameworks";
				PRODUCT_BUNDLE_IDENTIFIER = "com.rodco.MemeMe-1-0";
				PRODUCT_NAME = "$(TARGET_NAME)";
			};
			name = Release;
		};
		3F016A6B1C606791003BAD50 /* Debug */ = {
			isa = XCBuildConfiguration;
			buildSettings = {
				BUNDLE_LOADER = "$(TEST_HOST)";
				INFOPLIST_FILE = "MemeMe 1.0Tests/Info.plist";
				LD_RUNPATH_SEARCH_PATHS = "$(inherited) @executable_path/Frameworks @loader_path/Frameworks";
				PRODUCT_BUNDLE_IDENTIFIER = "com.rodco.MemeMe-1-0Tests";
				PRODUCT_NAME = "$(TARGET_NAME)";
				TEST_HOST = "$(BUILT_PRODUCTS_DIR)/MemeMe 1.0.app/MemeMe 1.0";
			};
			name = Debug;
		};
		3F016A6C1C606791003BAD50 /* Release */ = {
			isa = XCBuildConfiguration;
			buildSettings = {
				BUNDLE_LOADER = "$(TEST_HOST)";
				INFOPLIST_FILE = "MemeMe 1.0Tests/Info.plist";
				LD_RUNPATH_SEARCH_PATHS = "$(inherited) @executable_path/Frameworks @loader_path/Frameworks";
				PRODUCT_BUNDLE_IDENTIFIER = "com.rodco.MemeMe-1-0Tests";
				PRODUCT_NAME = "$(TARGET_NAME)";
				TEST_HOST = "$(BUILT_PRODUCTS_DIR)/MemeMe 1.0.app/MemeMe 1.0";
			};
			name = Release;
		};
		3F016A6E1C606791003BAD50 /* Debug */ = {
			isa = XCBuildConfiguration;
			buildSettings = {
				INFOPLIST_FILE = "MemeMe 1.0UITests/Info.plist";
				LD_RUNPATH_SEARCH_PATHS = "$(inherited) @executable_path/Frameworks @loader_path/Frameworks";
				PRODUCT_BUNDLE_IDENTIFIER = "com.rodco.MemeMe-1-0UITests";
				PRODUCT_NAME = "$(TARGET_NAME)";
				TEST_TARGET_NAME = "MemeMe 1.0";
				USES_XCTRUNNER = YES;
			};
			name = Debug;
		};
		3F016A6F1C606791003BAD50 /* Release */ = {
			isa = XCBuildConfiguration;
			buildSettings = {
				INFOPLIST_FILE = "MemeMe 1.0UITests/Info.plist";
				LD_RUNPATH_SEARCH_PATHS = "$(inherited) @executable_path/Frameworks @loader_path/Frameworks";
				PRODUCT_BUNDLE_IDENTIFIER = "com.rodco.MemeMe-1-0UITests";
				PRODUCT_NAME = "$(TARGET_NAME)";
				TEST_TARGET_NAME = "MemeMe 1.0";
				USES_XCTRUNNER = YES;
			};
			name = Release;
		};
/* End XCBuildConfiguration section */

/* Begin XCConfigurationList section */
		3F016A3A1C606791003BAD50 /* Build configuration list for PBXProject "MemeMe 1.0" */ = {
			isa = XCConfigurationList;
			buildConfigurations = (
				3F016A651C606791003BAD50 /* Debug */,
				3F016A661C606791003BAD50 /* Release */,
			);
			defaultConfigurationIsVisible = 0;
			defaultConfigurationName = Release;
		};
		3F016A671C606791003BAD50 /* Build configuration list for PBXNativeTarget "MemeMe 1.0" */ = {
			isa = XCConfigurationList;
			buildConfigurations = (
				3F016A681C606791003BAD50 /* Debug */,
				3F016A691C606791003BAD50 /* Release */,
			);
			defaultConfigurationIsVisible = 0;
		};
		3F016A6A1C606791003BAD50 /* Build configuration list for PBXNativeTarget "MemeMe 1.0Tests" */ = {
			isa = XCConfigurationList;
			buildConfigurations = (
				3F016A6B1C606791003BAD50 /* Debug */,
				3F016A6C1C606791003BAD50 /* Release */,
			);
			defaultConfigurationIsVisible = 0;
		};
		3F016A6D1C606791003BAD50 /* Build configuration list for PBXNativeTarget "MemeMe 1.0UITests" */ = {
			isa = XCConfigurationList;
			buildConfigurations = (
				3F016A6E1C606791003BAD50 /* Debug */,
				3F016A6F1C606791003BAD50 /* Release */,
			);
			defaultConfigurationIsVisible = 0;
		};
/* End XCConfigurationList section */
	};
	rootObject = 3F016A371C606791003BAD50 /* Project object */;
}
